// !$*UTF8*$!
{
	archiveVersion = 1;
	classes = {
	};
	objectVersion = 50;
	objects = {

/* Begin PBXBuildFile section */
		C13517ED23C4E6A1002BA417 /* ex2.cpp in Sources */ = {isa = PBXBuildFile; fileRef = C13517E523C4DC30002BA417 /* ex2.cpp */; };
		C13517EE23C4E6BA002BA417 /* ex.cpp in Sources */ = {isa = PBXBuildFile; fileRef = C13517D223C4DA5B002BA417 /* ex.cpp */; };
		C135180123C4E72B002BA417 /* main.cpp in Sources */ = {isa = PBXBuildFile; fileRef = C135180023C4E72B002BA417 /* main.cpp */; };
/* End PBXBuildFile section */

/* Begin PBXCopyFilesBuildPhase section */
		264E95B523C406A00005BDCB /* CopyFiles */ = {
			isa = PBXCopyFilesBuildPhase;
			buildActionMask = 2147483647;
			dstPath = /usr/share/man/man1/;
			dstSubfolderSpec = 0;
			files = (
			);
			runOnlyForDeploymentPostprocessing = 1;
		};
		C13517C923C4D89D002BA417 /* CopyFiles */ = {
			isa = PBXCopyFilesBuildPhase;
			buildActionMask = 2147483647;
			dstPath = /usr/share/man/man1/;
			dstSubfolderSpec = 0;
			files = (
			);
			runOnlyForDeploymentPostprocessing = 1;
		};
		C13517D923C4DB1D002BA417 /* CopyFiles */ = {
			isa = PBXCopyFilesBuildPhase;
			buildActionMask = 2147483647;
			dstPath = /usr/share/man/man1/;
			dstSubfolderSpec = 0;
			files = (
			);
			runOnlyForDeploymentPostprocessing = 1;
		};
		C13517F123C4E70F002BA417 /* CopyFiles */ = {
			isa = PBXCopyFilesBuildPhase;
			buildActionMask = 2147483647;
			dstPath = /usr/share/man/man1/;
			dstSubfolderSpec = 0;
			files = (
			);
			runOnlyForDeploymentPostprocessing = 1;
		};
		C13517FC23C4E72B002BA417 /* CopyFiles */ = {
			isa = PBXCopyFilesBuildPhase;
			buildActionMask = 2147483647;
			dstPath = /usr/share/man/man1/;
			dstSubfolderSpec = 0;
			files = (
			);
			runOnlyForDeploymentPostprocessing = 1;
		};
/* End PBXCopyFilesBuildPhase section */

/* Begin PBXFileReference section */
		264E95B723C406A00005BDCB /* CS3305 */ = {isa = PBXFileReference; explicitFileType = "compiled.mach-o.executable"; includeInIndex = 0; path = CS3305; sourceTree = BUILT_PRODUCTS_DIR; };
		C13517CB23C4D89D002BA417 /* Excersise1 */ = {isa = PBXFileReference; explicitFileType = "compiled.mach-o.executable"; includeInIndex = 0; path = Excersise1; sourceTree = BUILT_PRODUCTS_DIR; };
		C13517D223C4DA5B002BA417 /* ex.cpp */ = {isa = PBXFileReference; lastKnownFileType = sourcecode.cpp.cpp; path = ex.cpp; sourceTree = "<group>"; };
		C13517DB23C4DB1D002BA417 /* Excersise2 */ = {isa = PBXFileReference; explicitFileType = "compiled.mach-o.executable"; includeInIndex = 0; path = Excersise2; sourceTree = BUILT_PRODUCTS_DIR; };
		C13517E523C4DC30002BA417 /* ex2.cpp */ = {isa = PBXFileReference; lastKnownFileType = sourcecode.cpp.cpp; name = ex2.cpp; path = ../../../Documents/ex2.cpp; sourceTree = "<group>"; };
		C13517E623C4DC30002BA417 /* ex2.hpp */ = {isa = PBXFileReference; lastKnownFileType = sourcecode.cpp.h; name = ex2.hpp; path = ../../../Documents/ex2.hpp; sourceTree = "<group>"; };
		C13517F323C4E70F002BA417 /* ex2 */ = {isa = PBXFileReference; explicitFileType = "compiled.mach-o.executable"; includeInIndex = 0; path = ex2; sourceTree = BUILT_PRODUCTS_DIR; };
		C13517FE23C4E72B002BA417 /* ex3 */ = {isa = PBXFileReference; explicitFileType = "compiled.mach-o.executable"; includeInIndex = 0; path = ex3; sourceTree = BUILT_PRODUCTS_DIR; };
		C135180023C4E72B002BA417 /* main.cpp */ = {isa = PBXFileReference; lastKnownFileType = sourcecode.cpp.cpp; path = main.cpp; sourceTree = "<group>"; };
/* End PBXFileReference section */

/* Begin PBXFrameworksBuildPhase section */
		264E95B423C406A00005BDCB /* Frameworks */ = {
			isa = PBXFrameworksBuildPhase;
			buildActionMask = 2147483647;
			files = (
			);
			runOnlyForDeploymentPostprocessing = 0;
		};
		C13517C823C4D89D002BA417 /* Frameworks */ = {
			isa = PBXFrameworksBuildPhase;
			buildActionMask = 2147483647;
			files = (
			);
			runOnlyForDeploymentPostprocessing = 0;
		};
		C13517D823C4DB1D002BA417 /* Frameworks */ = {
			isa = PBXFrameworksBuildPhase;
			buildActionMask = 2147483647;
			files = (
			);
			runOnlyForDeploymentPostprocessing = 0;
		};
		C13517F023C4E70F002BA417 /* Frameworks */ = {
			isa = PBXFrameworksBuildPhase;
			buildActionMask = 2147483647;
			files = (
			);
			runOnlyForDeploymentPostprocessing = 0;
		};
		C13517FB23C4E72B002BA417 /* Frameworks */ = {
			isa = PBXFrameworksBuildPhase;
			buildActionMask = 2147483647;
			files = (
			);
			runOnlyForDeploymentPostprocessing = 0;
		};
/* End PBXFrameworksBuildPhase section */

/* Begin PBXGroup section */
		264E95AE23C406A00005BDCB = {
			isa = PBXGroup;
			children = (
				C13517CC23C4D89D002BA417 /* Excersise1 */,
				C13517DC23C4DB1D002BA417 /* Excersise2 */,
				C13517FF23C4E72B002BA417 /* ex3 */,
				264E95B823C406A00005BDCB /* Products */,
			);
			sourceTree = "<group>";
		};
		264E95B823C406A00005BDCB /* Products */ = {
			isa = PBXGroup;
			children = (
				264E95B723C406A00005BDCB /* CS3305 */,
				C13517CB23C4D89D002BA417 /* Excersise1 */,
				C13517DB23C4DB1D002BA417 /* Excersise2 */,
				C13517F323C4E70F002BA417 /* ex2 */,
				C13517FE23C4E72B002BA417 /* ex3 */,
			);
			name = Products;
			sourceTree = "<group>";
		};
		C13517CC23C4D89D002BA417 /* Excersise1 */ = {
			isa = PBXGroup;
			children = (
				C13517D223C4DA5B002BA417 /* ex.cpp */,
			);
			path = Excersise1;
			sourceTree = "<group>";
		};
		C13517DC23C4DB1D002BA417 /* Excersise2 */ = {
			isa = PBXGroup;
			children = (
				C13517E523C4DC30002BA417 /* ex2.cpp */,
				C13517E623C4DC30002BA417 /* ex2.hpp */,
			);
			path = Excersise2;
			sourceTree = "<group>";
		};
		C13517FF23C4E72B002BA417 /* ex3 */ = {
			isa = PBXGroup;
			children = (
				C135180023C4E72B002BA417 /* main.cpp */,
			);
			path = ex3;
			sourceTree = "<group>";
		};
/* End PBXGroup section */

/* Begin PBXNativeTarget section */
		264E95B623C406A00005BDCB /* CS3305 */ = {
			isa = PBXNativeTarget;
			buildConfigurationList = 264E95BE23C406A00005BDCB /* Build configuration list for PBXNativeTarget "CS3305" */;
			buildPhases = (
				264E95B323C406A00005BDCB /* Sources */,
				264E95B423C406A00005BDCB /* Frameworks */,
				264E95B523C406A00005BDCB /* CopyFiles */,
			);
			buildRules = (
			);
			dependencies = (
			);
			name = CS3305;
			productName = CS3305;
			productReference = 264E95B723C406A00005BDCB /* CS3305 */;
			productType = "com.apple.product-type.tool";
		};
		C13517CA23C4D89D002BA417 /* Excersise1 */ = {
			isa = PBXNativeTarget;
			buildConfigurationList = C13517CF23C4D89D002BA417 /* Build configuration list for PBXNativeTarget "Excersise1" */;
			buildPhases = (
				C13517C723C4D89D002BA417 /* Sources */,
				C13517C823C4D89D002BA417 /* Frameworks */,
				C13517C923C4D89D002BA417 /* CopyFiles */,
			);
			buildRules = (
			);
			dependencies = (
			);
			name = Excersise1;
			productName = Excersise1;
			productReference = C13517CB23C4D89D002BA417 /* Excersise1 */;
			productType = "com.apple.product-type.tool";
		};
		C13517DA23C4DB1D002BA417 /* Excersise2 */ = {
			isa = PBXNativeTarget;
			buildConfigurationList = C13517DF23C4DB1D002BA417 /* Build configuration list for PBXNativeTarget "Excersise2" */;
			buildPhases = (
				C13517D723C4DB1D002BA417 /* Sources */,
				C13517D823C4DB1D002BA417 /* Frameworks */,
				C13517D923C4DB1D002BA417 /* CopyFiles */,
			);
			buildRules = (
			);
			dependencies = (
			);
			name = Excersise2;
			productName = Excersise2;
			productReference = C13517DB23C4DB1D002BA417 /* Excersise2 */;
			productType = "com.apple.product-type.tool";
		};
		C13517F223C4E70F002BA417 /* ex2 */ = {
			isa = PBXNativeTarget;
			buildConfigurationList = C13517F723C4E70F002BA417 /* Build configuration list for PBXNativeTarget "ex2" */;
			buildPhases = (
				C13517EF23C4E70F002BA417 /* Sources */,
				C13517F023C4E70F002BA417 /* Frameworks */,
				C13517F123C4E70F002BA417 /* CopyFiles */,
			);
			buildRules = (
			);
			dependencies = (
			);
			name = ex2;
			productName = ex2;
			productReference = C13517F323C4E70F002BA417 /* ex2 */;
			productType = "com.apple.product-type.tool";
		};
		C13517FD23C4E72B002BA417 /* ex3 */ = {
			isa = PBXNativeTarget;
			buildConfigurationList = C135180223C4E72B002BA417 /* Build configuration list for PBXNativeTarget "ex3" */;
			buildPhases = (
				C13517FA23C4E72B002BA417 /* Sources */,
				C13517FB23C4E72B002BA417 /* Frameworks */,
				C13517FC23C4E72B002BA417 /* CopyFiles */,
			);
			buildRules = (
			);
			dependencies = (
			);
			name = ex3;
			productName = ex3;
			productReference = C13517FE23C4E72B002BA417 /* ex3 */;
			productType = "com.apple.product-type.tool";
		};
/* End PBXNativeTarget section */

/* Begin PBXProject section */
		264E95AF23C406A00005BDCB /* Project object */ = {
			isa = PBXProject;
			attributes = {
				LastUpgradeCheck = 1130;
				ORGANIZATIONNAME = "Ivan Gonzalez";
				TargetAttributes = {
					264E95B623C406A00005BDCB = {
						CreatedOnToolsVersion = 11.3;
					};
					C13517CA23C4D89D002BA417 = {
						CreatedOnToolsVersion = 11.3;
					};
					C13517DA23C4DB1D002BA417 = {
						CreatedOnToolsVersion = 11.3;
					};
					C13517F223C4E70F002BA417 = {
						CreatedOnToolsVersion = 11.3;
					};
					C13517FD23C4E72B002BA417 = {
						CreatedOnToolsVersion = 11.3;
					};
				};
			};
			buildConfigurationList = 264E95B223C406A00005BDCB /* Build configuration list for PBXProject "CS3305" */;
			compatibilityVersion = "Xcode 9.3";
			developmentRegion = en;
			hasScannedForEncodings = 0;
			knownRegions = (
				en,
				Base,
			);
			mainGroup = 264E95AE23C406A00005BDCB;
			productRefGroup = 264E95B823C406A00005BDCB /* Products */;
			projectDirPath = "";
			projectRoot = "";
			targets = (
				264E95B623C406A00005BDCB /* CS3305 */,
				C13517CA23C4D89D002BA417 /* Excersise1 */,
				C13517DA23C4DB1D002BA417 /* Excersise2 */,
				C13517F223C4E70F002BA417 /* ex2 */,
				C13517FD23C4E72B002BA417 /* ex3 */,
			);
		};
/* End PBXProject section */

/* Begin PBXSourcesBuildPhase section */
		264E95B323C406A00005BDCB /* Sources */ = {
			isa = PBXSourcesBuildPhase;
			buildActionMask = 2147483647;
			files = (
			);
			runOnlyForDeploymentPostprocessing = 0;
		};
		C13517C723C4D89D002BA417 /* Sources */ = {
			isa = PBXSourcesBuildPhase;
			buildActionMask = 2147483647;
			files = (
				C13517EE23C4E6BA002BA417 /* ex.cpp in Sources */,
			);
			runOnlyForDeploymentPostprocessing = 0;
		};
		C13517D723C4DB1D002BA417 /* Sources */ = {
			isa = PBXSourcesBuildPhase;
			buildActionMask = 2147483647;
			files = (
				C13517ED23C4E6A1002BA417 /* ex2.cpp in Sources */,
			);
			runOnlyForDeploymentPostprocessing = 0;
		};
		C13517EF23C4E70F002BA417 /* Sources */ = {
			isa = PBXSourcesBuildPhase;
			buildActionMask = 2147483647;
			files = (
			);
			runOnlyForDeploymentPostprocessing = 0;
		};
		C13517FA23C4E72B002BA417 /* Sources */ = {
			isa = PBXSourcesBuildPhase;
			buildActionMask = 2147483647;
			files = (
				C135180123C4E72B002BA417 /* main.cpp in Sources */,
			);
			runOnlyForDeploymentPostprocessing = 0;
		};
/* End PBXSourcesBuildPhase section */

/* Begin XCBuildConfiguration section */
		264E95BC23C406A00005BDCB /* Debug */ = {
			isa = XCBuildConfiguration;
			buildSettings = {
				ALWAYS_SEARCH_USER_PATHS = NO;
				CLANG_ANALYZER_NONNULL = YES;
				CLANG_ANALYZER_NUMBER_OBJECT_CONVERSION = YES_AGGRESSIVE;
				CLANG_CXX_LANGUAGE_STANDARD = "gnu++14";
				CLANG_CXX_LIBRARY = "libc++";
				CLANG_ENABLE_MODULES = YES;
				CLANG_ENABLE_OBJC_ARC = YES;
				CLANG_ENABLE_OBJC_WEAK = YES;
				CLANG_WARN_BLOCK_CAPTURE_AUTORELEASING = YES;
				CLANG_WARN_BOOL_CONVERSION = YES;
				CLANG_WARN_COMMA = YES;
				CLANG_WARN_CONSTANT_CONVERSION = YES;
				CLANG_WARN_DEPRECATED_OBJC_IMPLEMENTATIONS = YES;
				CLANG_WARN_DIRECT_OBJC_ISA_USAGE = YES_ERROR;
				CLANG_WARN_DOCUMENTATION_COMMENTS = YES;
				CLANG_WARN_EMPTY_BODY = YES;
				CLANG_WARN_ENUM_CONVERSION = YES;
				CLANG_WARN_INFINITE_RECURSION = YES;
				CLANG_WARN_INT_CONVERSION = YES;
				CLANG_WARN_NON_LITERAL_NULL_CONVERSION = YES;
				CLANG_WARN_OBJC_IMPLICIT_RETAIN_SELF = YES;
				CLANG_WARN_OBJC_LITERAL_CONVERSION = YES;
				CLANG_WARN_OBJC_ROOT_CLASS = YES_ERROR;
				CLANG_WARN_RANGE_LOOP_ANALYSIS = YES;
				CLANG_WARN_STRICT_PROTOTYPES = YES;
				CLANG_WARN_SUSPICIOUS_MOVE = YES;
				CLANG_WARN_UNGUARDED_AVAILABILITY = YES_AGGRESSIVE;
				CLANG_WARN_UNREACHABLE_CODE = YES;
				CLANG_WARN__DUPLICATE_METHOD_MATCH = YES;
				COPY_PHASE_STRIP = NO;
				DEBUG_INFORMATION_FORMAT = dwarf;
				ENABLE_STRICT_OBJC_MSGSEND = YES;
				ENABLE_TESTABILITY = YES;
				GCC_C_LANGUAGE_STANDARD = gnu11;
				GCC_DYNAMIC_NO_PIC = NO;
				GCC_NO_COMMON_BLOCKS = YES;
				GCC_OPTIMIZATION_LEVEL = 0;
				GCC_PREPROCESSOR_DEFINITIONS = (
					"DEBUG=1",
					"$(inherited)",
				);
				GCC_WARN_64_TO_32_BIT_CONVERSION = YES;
				GCC_WARN_ABOUT_RETURN_TYPE = YES_ERROR;
				GCC_WARN_UNDECLARED_SELECTOR = YES;
				GCC_WARN_UNINITIALIZED_AUTOS = YES_AGGRESSIVE;
				GCC_WARN_UNUSED_FUNCTION = YES;
				GCC_WARN_UNUSED_VARIABLE = YES;
				MACOSX_DEPLOYMENT_TARGET = 10.15;
				MTL_ENABLE_DEBUG_INFO = INCLUDE_SOURCE;
				MTL_FAST_MATH = YES;
				ONLY_ACTIVE_ARCH = YES;
				SDKROOT = macosx;
			};
			name = Debug;
		};
		264E95BD23C406A00005BDCB /* Release */ = {
			isa = XCBuildConfiguration;
			buildSettings = {
				ALWAYS_SEARCH_USER_PATHS = NO;
				CLANG_ANALYZER_NONNULL = YES;
				CLANG_ANALYZER_NUMBER_OBJECT_CONVERSION = YES_AGGRESSIVE;
				CLANG_CXX_LANGUAGE_STANDARD = "gnu++14";
				CLANG_CXX_LIBRARY = "libc++";
				CLANG_ENABLE_MODULES = YES;
				CLANG_ENABLE_OBJC_ARC = YES;
				CLANG_ENABLE_OBJC_WEAK = YES;
				CLANG_WARN_BLOCK_CAPTURE_AUTORELEASING = YES;
				CLANG_WARN_BOOL_CONVERSION = YES;
				CLANG_WARN_COMMA = YES;
				CLANG_WARN_CONSTANT_CONVERSION = YES;
				CLANG_WARN_DEPRECATED_OBJC_IMPLEMENTATIONS = YES;
				CLANG_WARN_DIRECT_OBJC_ISA_USAGE = YES_ERROR;
				CLANG_WARN_DOCUMENTATION_COMMENTS = YES;
				CLANG_WARN_EMPTY_BODY = YES;
				CLANG_WARN_ENUM_CONVERSION = YES;
				CLANG_WARN_INFINITE_RECURSION = YES;
				CLANG_WARN_INT_CONVERSION = YES;
				CLANG_WARN_NON_LITERAL_NULL_CONVERSION = YES;
				CLANG_WARN_OBJC_IMPLICIT_RETAIN_SELF = YES;
				CLANG_WARN_OBJC_LITERAL_CONVERSION = YES;
				CLANG_WARN_OBJC_ROOT_CLASS = YES_ERROR;
				CLANG_WARN_RANGE_LOOP_ANALYSIS = YES;
				CLANG_WARN_STRICT_PROTOTYPES = YES;
				CLANG_WARN_SUSPICIOUS_MOVE = YES;
				CLANG_WARN_UNGUARDED_AVAILABILITY = YES_AGGRESSIVE;
				CLANG_WARN_UNREACHABLE_CODE = YES;
				CLANG_WARN__DUPLICATE_METHOD_MATCH = YES;
				COPY_PHASE_STRIP = NO;
				DEBUG_INFORMATION_FORMAT = "dwarf-with-dsym";
				ENABLE_NS_ASSERTIONS = NO;
				ENABLE_STRICT_OBJC_MSGSEND = YES;
				GCC_C_LANGUAGE_STANDARD = gnu11;
				GCC_NO_COMMON_BLOCKS = YES;
				GCC_WARN_64_TO_32_BIT_CONVERSION = YES;
				GCC_WARN_ABOUT_RETURN_TYPE = YES_ERROR;
				GCC_WARN_UNDECLARED_SELECTOR = YES;
				GCC_WARN_UNINITIALIZED_AUTOS = YES_AGGRESSIVE;
				GCC_WARN_UNUSED_FUNCTION = YES;
				GCC_WARN_UNUSED_VARIABLE = YES;
				MACOSX_DEPLOYMENT_TARGET = 10.15;
				MTL_ENABLE_DEBUG_INFO = NO;
				MTL_FAST_MATH = YES;
				SDKROOT = macosx;
			};
			name = Release;
		};
		264E95BF23C406A00005BDCB /* Debug */ = {
			isa = XCBuildConfiguration;
			buildSettings = {
				CODE_SIGN_STYLE = Automatic;
				DEVELOPMENT_TEAM = 395TVM76WS;
				ENABLE_HARDENED_RUNTIME = YES;
				MACOSX_DEPLOYMENT_TARGET = 10.14;
				PRODUCT_NAME = "$(TARGET_NAME)";
			};
			name = Debug;
		};
		264E95C023C406A00005BDCB /* Release */ = {
			isa = XCBuildConfiguration;
			buildSettings = {
				CODE_SIGN_STYLE = Automatic;
				DEVELOPMENT_TEAM = 395TVM76WS;
				ENABLE_HARDENED_RUNTIME = YES;
				MACOSX_DEPLOYMENT_TARGET = 10.14;
				PRODUCT_NAME = "$(TARGET_NAME)";
			};
			name = Release;
		};
		C13517D023C4D89D002BA417 /* Debug */ = {
			isa = XCBuildConfiguration;
			buildSettings = {
				CODE_SIGN_STYLE = Automatic;
				DEVELOPMENT_TEAM = 395TVM76WS;
				ENABLE_HARDENED_RUNTIME = YES;
				MACOSX_DEPLOYMENT_TARGET = 10.14;
				PRODUCT_NAME = "$(TARGET_NAME)";
			};
			name = Debug;
		};
		C13517D123C4D89D002BA417 /* Release */ = {
			isa = XCBuildConfiguration;
			buildSettings = {
				CODE_SIGN_STYLE = Automatic;
				DEVELOPMENT_TEAM = 395TVM76WS;
				ENABLE_HARDENED_RUNTIME = YES;
				MACOSX_DEPLOYMENT_TARGET = 10.14;
				PRODUCT_NAME = "$(TARGET_NAME)";
			};
			name = Release;
		};
		C13517E023C4DB1D002BA417 /* Debug */ = {
			isa = XCBuildConfiguration;
			buildSettings = {
				CODE_SIGN_STYLE = Automatic;
				DEVELOPMENT_TEAM = 395TVM76WS;
				ENABLE_HARDENED_RUNTIME = YES;
				MACOSX_DEPLOYMENT_TARGET = 10.14;
				PRODUCT_NAME = "$(TARGET_NAME)";
			};
			name = Debug;
		};
		C13517E123C4DB1D002BA417 /* Release */ = {
			isa = XCBuildConfiguration;
			buildSettings = {
				CODE_SIGN_STYLE = Automatic;
				DEVELOPMENT_TEAM = 395TVM76WS;
				ENABLE_HARDENED_RUNTIME = YES;
				MACOSX_DEPLOYMENT_TARGET = 10.14;
				PRODUCT_NAME = "$(TARGET_NAME)";
			};
			name = Release;
		};
		C13517F823C4E70F002BA417 /* Debug */ = {
			isa = XCBuildConfiguration;
			buildSettings = {
				CODE_SIGN_STYLE = Automatic;
				DEVELOPMENT_TEAM = 395TVM76WS;
				ENABLE_HARDENED_RUNTIME = YES;
				MACOSX_DEPLOYMENT_TARGET = 10.14;
				PRODUCT_NAME = "$(TARGET_NAME)";
			};
			name = Debug;
		};
		C13517F923C4E70F002BA417 /* Release */ = {
			isa = XCBuildConfiguration;
			buildSettings = {
				CODE_SIGN_STYLE = Automatic;
				DEVELOPMENT_TEAM = 395TVM76WS;
				ENABLE_HARDENED_RUNTIME = YES;
				MACOSX_DEPLOYMENT_TARGET = 10.14;
				PRODUCT_NAME = "$(TARGET_NAME)";
			};
			name = Release;
		};
		C135180323C4E72B002BA417 /* Debug */ = {
			isa = XCBuildConfiguration;
			buildSettings = {
				CODE_SIGN_STYLE = Automatic;
				DEVELOPMENT_TEAM = 395TVM76WS;
				ENABLE_HARDENED_RUNTIME = YES;
				MACOSX_DEPLOYMENT_TARGET = 10.14;
				PRODUCT_NAME = "$(TARGET_NAME)";
			};
			name = Debug;
		};
		C135180423C4E72B002BA417 /* Release */ = {
			isa = XCBuildConfiguration;
			buildSettings = {
				CODE_SIGN_STYLE = Automatic;
				DEVELOPMENT_TEAM = 395TVM76WS;
				ENABLE_HARDENED_RUNTIME = YES;
				MACOSX_DEPLOYMENT_TARGET = 10.14;
				PRODUCT_NAME = "$(TARGET_NAME)";
			};
			name = Release;
		};
/* End XCBuildConfiguration section */

/* Begin XCConfigurationList section */
		264E95B223C406A00005BDCB /* Build configuration list for PBXProject "CS3305" */ = {
			isa = XCConfigurationList;
			buildConfigurations = (
				264E95BC23C406A00005BDCB /* Debug */,
				264E95BD23C406A00005BDCB /* Release */,
			);
			defaultConfigurationIsVisible = 0;
			defaultConfigurationName = Release;
		};
		264E95BE23C406A00005BDCB /* Build configuration list for PBXNativeTarget "CS3305" */ = {
			isa = XCConfigurationList;
			buildConfigurations = (
				264E95BF23C406A00005BDCB /* Debug */,
				264E95C023C406A00005BDCB /* Release */,
			);
			defaultConfigurationIsVisible = 0;
			defaultConfigurationName = Release;
		};
		C13517CF23C4D89D002BA417 /* Build configuration list for PBXNativeTarget "Excersise1" */ = {
			isa = XCConfigurationList;
			buildConfigurations = (
				C13517D023C4D89D002BA417 /* Debug */,
				C13517D123C4D89D002BA417 /* Release */,
			);
			defaultConfigurationIsVisible = 0;
			defaultConfigurationName = Release;
		};
		C13517DF23C4DB1D002BA417 /* Build configuration list for PBXNativeTarget "Excersise2" */ = {
			isa = XCConfigurationList;
			buildConfigurations = (
				C13517E023C4DB1D002BA417 /* Debug */,
				C13517E123C4DB1D002BA417 /* Release */,
			);
			defaultConfigurationIsVisible = 0;
			defaultConfigurationName = Release;
		};
		C13517F723C4E70F002BA417 /* Build configuration list for PBXNativeTarget "ex2" */ = {
			isa = XCConfigurationList;
			buildConfigurations = (
				C13517F823C4E70F002BA417 /* Debug */,
				C13517F923C4E70F002BA417 /* Release */,
			);
			defaultConfigurationIsVisible = 0;
			defaultConfigurationName = Release;
		};
		C135180223C4E72B002BA417 /* Build configuration list for PBXNativeTarget "ex3" */ = {
			isa = XCConfigurationList;
			buildConfigurations = (
				C135180323C4E72B002BA417 /* Debug */,
				C135180423C4E72B002BA417 /* Release */,
			);
			defaultConfigurationIsVisible = 0;
			defaultConfigurationName = Release;
		};
/* End XCConfigurationList section */
	};
	rootObject = 264E95AF23C406A00005BDCB /* Project object */;
}
